github.com/dessant/open-golang v0.0.0-20190104022628-a2dfa6d0dab6 h1:dgaEjTFRBdSihuQmbls7tvXLnyp6UnCXnDk1bUEsUPo=
github.com/dessant/open-golang v0.0.0-20190104022628-a2dfa6d0dab6/go.mod h1:9CA8zBzbUkJC7Lpc9uffa7w7kBjWqCmHRVfj59WMXn8=
github.com/gofrs/uuid v3.2.0+incompatible h1:y12jRkkFxsd7GpqdSZ+/KCs/fJbqpEXSGd4+jfEaewE=
github.com/gofrs/uuid v3.2.0+incompatible/go.mod h1:b2aQJv3Z4Fp6yNu3cdSllBxTCLRxnplIgP/c0N/04lM=
golang.org/x/sys v0.0.0-20190209173611-3b5209105503 h1:5SvYFrOM3W8Mexn9/oA44Ji7vhXAZQ9hiP+1Q/DMrWg=
golang.org/x/sys v0.0.0-20190209173611-3b5209105503/go.mod h1:STP8DvDyc/dI5b8T5hshtkjS+E42TnysNCUPdjciGhY=
